
Microsoft Visual Studio Solution File, Format Version 12.00
# Visual Studio 14
VisualStudioVersion = 14.0.25123.0
MinimumVisualStudioVersion = 10.0.40219.1
Project("{FAE04EC0-301F-11D3-BF4B-00C04F79EFBC}") = "MetroDatings.iOS", "MetroDatings.iOS\MetroDatings.iOS.csproj", "{AC75F0C2-59E8-41E0-9441-B0E1B1B0A3C8}"
EndProject
Project("{FAE04EC0-301F-11D3-BF4B-00C04F79EFBC}") = "MetroDatings.WinPhone", "MetroDatings.WinPhone\MetroDatings.WinPhone.csproj", "{3BEF6C4C-29D7-48CF-A4F4-E911DDC0F3BE}"
EndProject
Project("{FAE04EC0-301F-11D3-BF4B-00C04F79EFBC}") = "Shared", "Shared\Shared.csproj", "{ED3D2DA5-A478-44E2-8270-369DBE6070DB}"
EndProject
Project("{FAE04EC0-301F-11D3-BF4B-00C04F79EFBC}") = "MetroDatings.Android", "MetroDatings.Android\MetroDatings.Android.csproj", "{720DA9C0-2227-4A7B-BD26-2184D69357F0}"
EndProject
Global
	GlobalSection(SolutionConfigurationPlatforms) = preSolution
		Ad-Hoc|Any CPU = Ad-Hoc|Any CPU
		Ad-Hoc|ARM = Ad-Hoc|ARM
		Ad-Hoc|iPhone = Ad-Hoc|iPhone
		Ad-Hoc|iPhoneSimulator = Ad-Hoc|iPhoneSimulator
		Ad-Hoc|x64 = Ad-Hoc|x64
		Ad-Hoc|x86 = Ad-Hoc|x86
		AppStore|Any CPU = AppStore|Any CPU
		AppStore|ARM = AppStore|ARM
		AppStore|iPhone = AppStore|iPhone
		AppStore|iPhoneSimulator = AppStore|iPhoneSimulator
		AppStore|x64 = AppStore|x64
		AppStore|x86 = AppStore|x86
		Debug|Any CPU = Debug|Any CPU
		Debug|ARM = Debug|ARM
		Debug|iPhone = Debug|iPhone
		Debug|iPhoneSimulator = Debug|iPhoneSimulator
		Debug|x64 = Debug|x64
		Debug|x86 = Debug|x86
		Release|Any CPU = Release|Any CPU
		Release|ARM = Release|ARM
		Release|iPhone = Release|iPhone
		Release|iPhoneSimulator = Release|iPhoneSimulator
		Release|x64 = Release|x64
		Release|x86 = Release|x86
	EndGlobalSection
	GlobalSection(ProjectConfigurationPlatforms) = postSolution
		{AC75F0C2-59E8-41E0-9441-B0E1B1B0A3C8}.Ad-Hoc|Any CPU.ActiveCfg = Ad-Hoc|iPhone
		{AC75F0C2-59E8-41E0-9441-B0E1B1B0A3C8}.Ad-Hoc|ARM.ActiveCfg = Ad-Hoc|iPhone
		{AC75F0C2-59E8-41E0-9441-B0E1B1B0A3C8}.Ad-Hoc|iPhone.ActiveCfg = Ad-Hoc|iPhone
		{AC75F0C2-59E8-41E0-9441-B0E1B1B0A3C8}.Ad-Hoc|iPhone.Build.0 = Ad-Hoc|iPhone
		{AC75F0C2-59E8-41E0-9441-B0E1B1B0A3C8}.Ad-Hoc|iPhoneSimulator.ActiveCfg = Ad-Hoc|iPhoneSimulator
		{AC75F0C2-59E8-41E0-9441-B0E1B1B0A3C8}.Ad-Hoc|iPhoneSimulator.Build.0 = Ad-Hoc|iPhoneSimulator
		{AC75F0C2-59E8-41E0-9441-B0E1B1B0A3C8}.Ad-Hoc|x64.ActiveCfg = Ad-Hoc|iPhone
		{AC75F0C2-59E8-41E0-9441-B0E1B1B0A3C8}.Ad-Hoc|x86.ActiveCfg = Ad-Hoc|iPhone
		{AC75F0C2-59E8-41E0-9441-B0E1B1B0A3C8}.AppStore|Any CPU.ActiveCfg = AppStore|iPhone
		{AC75F0C2-59E8-41E0-9441-B0E1B1B0A3C8}.AppStore|ARM.ActiveCfg = AppStore|iPhone
		{AC75F0C2-59E8-41E0-9441-B0E1B1B0A3C8}.AppStore|iPhone.ActiveCfg = AppStore|iPhone
		{AC75F0C2-59E8-41E0-9441-B0E1B1B0A3C8}.AppStore|iPhone.Build.0 = AppStore|iPhone
		{AC75F0C2-59E8-41E0-9441-B0E1B1B0A3C8}.AppStore|iPhoneSimulator.ActiveCfg = AppStore|iPhoneSimulator
		{AC75F0C2-59E8-41E0-9441-B0E1B1B0A3C8}.AppStore|iPhoneSimulator.Build.0 = AppStore|iPhoneSimulator
		{AC75F0C2-59E8-41E0-9441-B0E1B1B0A3C8}.AppStore|x64.ActiveCfg = AppStore|iPhone
		{AC75F0C2-59E8-41E0-9441-B0E1B1B0A3C8}.AppStore|x86.ActiveCfg = AppStore|iPhone
		{AC75F0C2-59E8-41E0-9441-B0E1B1B0A3C8}.Debug|Any CPU.ActiveCfg = Debug|iPhone
		{AC75F0C2-59E8-41E0-9441-B0E1B1B0A3C8}.Debug|ARM.ActiveCfg = Debug|iPhone
		{AC75F0C2-59E8-41E0-9441-B0E1B1B0A3C8}.Debug|iPhone.ActiveCfg = Debug|iPhone
		{AC75F0C2-59E8-41E0-9441-B0E1B1B0A3C8}.Debug|iPhone.Build.0 = Debug|iPhone
		{AC75F0C2-59E8-41E0-9441-B0E1B1B0A3C8}.Debug|iPhoneSimulator.ActiveCfg = Debug|iPhoneSimulator
		{AC75F0C2-59E8-41E0-9441-B0E1B1B0A3C8}.Debug|iPhoneSimulator.Build.0 = Debug|iPhoneSimulator
		{AC75F0C2-59E8-41E0-9441-B0E1B1B0A3C8}.Debug|x64.ActiveCfg = Debug|iPhone
		{AC75F0C2-59E8-41E0-9441-B0E1B1B0A3C8}.Debug|x86.ActiveCfg = Debug|iPhone
		{AC75F0C2-59E8-41E0-9441-B0E1B1B0A3C8}.Release|Any CPU.ActiveCfg = Release|iPhone
		{AC75F0C2-59E8-41E0-9441-B0E1B1B0A3C8}.Release|Any CPU.Deploy.0 = Release|iPhone
		{AC75F0C2-59E8-41E0-9441-B0E1B1B0A3C8}.Release|ARM.ActiveCfg = Release|iPhone
		{AC75F0C2-59E8-41E0-9441-B0E1B1B0A3C8}.Release|iPhone.ActiveCfg = Release|iPhone
		{AC75F0C2-59E8-41E0-9441-B0E1B1B0A3C8}.Release|iPhone.Build.0 = Release|iPhone
		{AC75F0C2-59E8-41E0-9441-B0E1B1B0A3C8}.Release|iPhoneSimulator.ActiveCfg = Release|iPhoneSimulator
		{AC75F0C2-59E8-41E0-9441-B0E1B1B0A3C8}.Release|iPhoneSimulator.Build.0 = Release|iPhoneSimulator
		{AC75F0C2-59E8-41E0-9441-B0E1B1B0A3C8}.Release|x64.ActiveCfg = Release|iPhone
		{AC75F0C2-59E8-41E0-9441-B0E1B1B0A3C8}.Release|x86.ActiveCfg = Release|iPhone
		{3BEF6C4C-29D7-48CF-A4F4-E911DDC0F3BE}.Ad-Hoc|Any CPU.ActiveCfg = Release|Any CPU
		{3BEF6C4C-29D7-48CF-A4F4-E911DDC0F3BE}.Ad-Hoc|Any CPU.Build.0 = Release|Any CPU
		{3BEF6C4C-29D7-48CF-A4F4-E911DDC0F3BE}.Ad-Hoc|Any CPU.Deploy.0 = Release|Any CPU
		{3BEF6C4C-29D7-48CF-A4F4-E911DDC0F3BE}.Ad-Hoc|ARM.ActiveCfg = Release|ARM
		{3BEF6C4C-29D7-48CF-A4F4-E911DDC0F3BE}.Ad-Hoc|ARM.Build.0 = Release|ARM
		{3BEF6C4C-29D7-48CF-A4F4-E911DDC0F3BE}.Ad-Hoc|ARM.Deploy.0 = Release|ARM
		{3BEF6C4C-29D7-48CF-A4F4-E911DDC0F3BE}.Ad-Hoc|iPhone.ActiveCfg = Release|Any CPU
		{3BEF6C4C-29D7-48CF-A4F4-E911DDC0F3BE}.Ad-Hoc|iPhone.Build.0 = Release|Any CPU
		{3BEF6C4C-29D7-48CF-A4F4-E911DDC0F3BE}.Ad-Hoc|iPhone.Deploy.0 = Release|Any CPU
		{3BEF6C4C-29D7-48CF-A4F4-E911DDC0F3BE}.Ad-Hoc|iPhoneSimulator.ActiveCfg = Release|Any CPU
		{3BEF6C4C-29D7-48CF-A4F4-E911DDC0F3BE}.Ad-Hoc|iPhoneSimulator.Build.0 = Release|Any CPU
		{3BEF6C4C-29D7-48CF-A4F4-E911DDC0F3BE}.Ad-Hoc|iPhoneSimulator.Deploy.0 = Release|Any CPU
		{3BEF6C4C-29D7-48CF-A4F4-E911DDC0F3BE}.Ad-Hoc|x64.ActiveCfg = Release|Any CPU
		{3BEF6C4C-29D7-48CF-A4F4-E911DDC0F3BE}.Ad-Hoc|x64.Build.0 = Release|Any CPU
		{3BEF6C4C-29D7-48CF-A4F4-E911DDC0F3BE}.Ad-Hoc|x64.Deploy.0 = Release|Any CPU
		{3BEF6C4C-29D7-48CF-A4F4-E911DDC0F3BE}.Ad-Hoc|x86.ActiveCfg = Release|x86
		{3BEF6C4C-29D7-48CF-A4F4-E911DDC0F3BE}.Ad-Hoc|x86.Build.0 = Release|x86
		{3BEF6C4C-29D7-48CF-A4F4-E911DDC0F3BE}.Ad-Hoc|x86.Deploy.0 = Release|x86
		{3BEF6C4C-29D7-48CF-A4F4-E911DDC0F3BE}.AppStore|Any CPU.ActiveCfg = Release|Any CPU
		{3BEF6C4C-29D7-48CF-A4F4-E911DDC0F3BE}.AppStore|Any CPU.Build.0 = Release|Any CPU
		{3BEF6C4C-29D7-48CF-A4F4-E911DDC0F3BE}.AppStore|Any CPU.Deploy.0 = Release|Any CPU
		{3BEF6C4C-29D7-48CF-A4F4-E911DDC0F3BE}.AppStore|ARM.ActiveCfg = Release|ARM
		{3BEF6C4C-29D7-48CF-A4F4-E911DDC0F3BE}.AppStore|ARM.Build.0 = Release|ARM
		{3BEF6C4C-29D7-48CF-A4F4-E911DDC0F3BE}.AppStore|ARM.Deploy.0 = Release|ARM
		{3BEF6C4C-29D7-48CF-A4F4-E911DDC0F3BE}.AppStore|iPhone.ActiveCfg = Release|Any CPU
		{3BEF6C4C-29D7-48CF-A4F4-E911DDC0F3BE}.AppStore|iPhone.Build.0 = Release|Any CPU
		{3BEF6C4C-29D7-48CF-A4F4-E911DDC0F3BE}.AppStore|iPhone.Deploy.0 = Release|Any CPU
		{3BEF6C4C-29D7-48CF-A4F4-E911DDC0F3BE}.AppStore|iPhoneSimulator.ActiveCfg = Release|Any CPU
		{3BEF6C4C-29D7-48CF-A4F4-E911DDC0F3BE}.AppStore|iPhoneSimulator.Build.0 = Release|Any CPU
		{3BEF6C4C-29D7-48CF-A4F4-E911DDC0F3BE}.AppStore|iPhoneSimulator.Deploy.0 = Release|Any CPU
		{3BEF6C4C-29D7-48CF-A4F4-E911DDC0F3BE}.AppStore|x64.ActiveCfg = Release|Any CPU
		{3BEF6C4C-29D7-48CF-A4F4-E911DDC0F3BE}.AppStore|x64.Build.0 = Release|Any CPU
		{3BEF6C4C-29D7-48CF-A4F4-E911DDC0F3BE}.AppStore|x64.Deploy.0 = Release|Any CPU
		{3BEF6C4C-29D7-48CF-A4F4-E911DDC0F3BE}.AppStore|x86.ActiveCfg = Release|x86
		{3BEF6C4C-29D7-48CF-A4F4-E911DDC0F3BE}.AppStore|x86.Build.0 = Release|x86
		{3BEF6C4C-29D7-48CF-A4F4-E911DDC0F3BE}.AppStore|x86.Deploy.0 = Release|x86
		{3BEF6C4C-29D7-48CF-A4F4-E911DDC0F3BE}.Debug|Any CPU.ActiveCfg = Debug|Any CPU
		{3BEF6C4C-29D7-48CF-A4F4-E911DDC0F3BE}.Debug|Any CPU.Build.0 = Debug|Any CPU
		{3BEF6C4C-29D7-48CF-A4F4-E911DDC0F3BE}.Debug|Any CPU.Deploy.0 = Debug|Any CPU
		{3BEF6C4C-29D7-48CF-A4F4-E911DDC0F3BE}.Debug|ARM.ActiveCfg = Debug|ARM
		{3BEF6C4C-29D7-48CF-A4F4-E911DDC0F3BE}.Debug|ARM.Build.0 = Debug|ARM
		{3BEF6C4C-29D7-48CF-A4F4-E911DDC0F3BE}.Debug|ARM.Deploy.0 = Debug|ARM
		{3BEF6C4C-29D7-48CF-A4F4-E911DDC0F3BE}.Debug|iPhone.ActiveCfg = Debug|Any CPU
		{3BEF6C4C-29D7-48CF-A4F4-E911DDC0F3BE}.Debug|iPhone.Build.0 = Debug|Any CPU
		{3BEF6C4C-29D7-48CF-A4F4-E911DDC0F3BE}.Debug|iPhone.Deploy.0 = Debug|Any CPU
		{3BEF6C4C-29D7-48CF-A4F4-E911DDC0F3BE}.Debug|iPhoneSimulator.ActiveCfg = Debug|Any CPU
		{3BEF6C4C-29D7-48CF-A4F4-E911DDC0F3BE}.Debug|iPhoneSimulator.Build.0 = Debug|Any CPU
		{3BEF6C4C-29D7-48CF-A4F4-E911DDC0F3BE}.Debug|iPhoneSimulator.Deploy.0 = Debug|Any CPU
		{3BEF6C4C-29D7-48CF-A4F4-E911DDC0F3BE}.Debug|x64.ActiveCfg = Debug|Any CPU
		{3BEF6C4C-29D7-48CF-A4F4-E911DDC0F3BE}.Debug|x64.Build.0 = Debug|Any CPU
		{3BEF6C4C-29D7-48CF-A4F4-E911DDC0F3BE}.Debug|x64.Deploy.0 = Debug|Any CPU
		{3BEF6C4C-29D7-48CF-A4F4-E911DDC0F3BE}.Debug|x86.ActiveCfg = Debug|x86
		{3BEF6C4C-29D7-48CF-A4F4-E911DDC0F3BE}.Debug|x86.Build.0 = Debug|x86
		{3BEF6C4C-29D7-48CF-A4F4-E911DDC0F3BE}.Debug|x86.Deploy.0 = Debug|x86
		{3BEF6C4C-29D7-48CF-A4F4-E911DDC0F3BE}.Release|Any CPU.ActiveCfg = Release|Any CPU
		{3BEF6C4C-29D7-48CF-A4F4-E911DDC0F3BE}.Release|Any CPU.Build.0 = Release|Any CPU
		{3BEF6C4C-29D7-48CF-A4F4-E911DDC0F3BE}.Release|Any CPU.Deploy.0 = Release|Any CPU
		{3BEF6C4C-29D7-48CF-A4F4-E911DDC0F3BE}.Release|ARM.ActiveCfg = Release|ARM
		{3BEF6C4C-29D7-48CF-A4F4-E911DDC0F3BE}.Release|ARM.Build.0 = Release|ARM
		{3BEF6C4C-29D7-48CF-A4F4-E911DDC0F3BE}.Release|ARM.Deploy.0 = Release|ARM
		{3BEF6C4C-29D7-48CF-A4F4-E911DDC0F3BE}.Release|iPhone.ActiveCfg = Release|Any CPU
		{3BEF6C4C-29D7-48CF-A4F4-E911DDC0F3BE}.Release|iPhone.Build.0 = Release|Any CPU
		{3BEF6C4C-29D7-48CF-A4F4-E911DDC0F3BE}.Release|iPhone.Deploy.0 = Release|Any CPU
		{3BEF6C4C-29D7-48CF-A4F4-E911DDC0F3BE}.Release|iPhoneSimulator.ActiveCfg = Release|Any CPU
		{3BEF6C4C-29D7-48CF-A4F4-E911DDC0F3BE}.Release|iPhoneSimulator.Build.0 = Release|Any CPU
		{3BEF6C4C-29D7-48CF-A4F4-E911DDC0F3BE}.Release|iPhoneSimulator.Deploy.0 = Release|Any CPU
		{3BEF6C4C-29D7-48CF-A4F4-E911DDC0F3BE}.Release|x64.ActiveCfg = Release|Any CPU
		{3BEF6C4C-29D7-48CF-A4F4-E911DDC0F3BE}.Release|x64.Build.0 = Release|Any CPU
		{3BEF6C4C-29D7-48CF-A4F4-E911DDC0F3BE}.Release|x64.Deploy.0 = Release|Any CPU
		{3BEF6C4C-29D7-48CF-A4F4-E911DDC0F3BE}.Release|x86.ActiveCfg = Release|x86
		{3BEF6C4C-29D7-48CF-A4F4-E911DDC0F3BE}.Release|x86.Build.0 = Release|x86
		{3BEF6C4C-29D7-48CF-A4F4-E911DDC0F3BE}.Release|x86.Deploy.0 = Release|x86
		{ED3D2DA5-A478-44E2-8270-369DBE6070DB}.Ad-Hoc|Any CPU.ActiveCfg = Release|Any CPU
		{ED3D2DA5-A478-44E2-8270-369DBE6070DB}.Ad-Hoc|Any CPU.Build.0 = Release|Any CPU
		{ED3D2DA5-A478-44E2-8270-369DBE6070DB}.Ad-Hoc|ARM.ActiveCfg = Release|Any CPU
		{ED3D2DA5-A478-44E2-8270-369DBE6070DB}.Ad-Hoc|ARM.Build.0 = Release|Any CPU
		{ED3D2DA5-A478-44E2-8270-369DBE6070DB}.Ad-Hoc|iPhone.ActiveCfg = Release|Any CPU
		{ED3D2DA5-A478-44E2-8270-369DBE6070DB}.Ad-Hoc|iPhone.Build.0 = Release|Any CPU
		{ED3D2DA5-A478-44E2-8270-369DBE6070DB}.Ad-Hoc|iPhoneSimulator.ActiveCfg = Release|Any CPU
		{ED3D2DA5-A478-44E2-8270-369DBE6070DB}.Ad-Hoc|iPhoneSimulator.Build.0 = Release|Any CPU
		{ED3D2DA5-A478-44E2-8270-369DBE6070DB}.Ad-Hoc|x64.ActiveCfg = Release|Any CPU
		{ED3D2DA5-A478-44E2-8270-369DBE6070DB}.Ad-Hoc|x64.Build.0 = Release|Any CPU
		{ED3D2DA5-A478-44E2-8270-369DBE6070DB}.Ad-Hoc|x86.ActiveCfg = Release|Any CPU
		{ED3D2DA5-A478-44E2-8270-369DBE6070DB}.Ad-Hoc|x86.Build.0 = Release|Any CPU
		{ED3D2DA5-A478-44E2-8270-369DBE6070DB}.AppStore|Any CPU.ActiveCfg = Release|Any CPU
		{ED3D2DA5-A478-44E2-8270-369DBE6070DB}.AppStore|Any CPU.Build.0 = Release|Any CPU
		{ED3D2DA5-A478-44E2-8270-369DBE6070DB}.AppStore|ARM.ActiveCfg = Release|Any CPU
		{ED3D2DA5-A478-44E2-8270-369DBE6070DB}.AppStore|ARM.Build.0 = Release|Any CPU
		{ED3D2DA5-A478-44E2-8270-369DBE6070DB}.AppStore|iPhone.ActiveCfg = Release|Any CPU
		{ED3D2DA5-A478-44E2-8270-369DBE6070DB}.AppStore|iPhone.Build.0 = Release|Any CPU
		{ED3D2DA5-A478-44E2-8270-369DBE6070DB}.AppStore|iPhoneSimulator.ActiveCfg = Release|Any CPU
		{ED3D2DA5-A478-44E2-8270-369DBE6070DB}.AppStore|iPhoneSimulator.Build.0 = Release|Any CPU
		{ED3D2DA5-A478-44E2-8270-369DBE6070DB}.AppStore|x64.ActiveCfg = Release|Any CPU
		{ED3D2DA5-A478-44E2-8270-369DBE6070DB}.AppStore|x64.Build.0 = Release|Any CPU
		{ED3D2DA5-A478-44E2-8270-369DBE6070DB}.AppStore|x86.ActiveCfg = Release|Any CPU
		{ED3D2DA5-A478-44E2-8270-369DBE6070DB}.AppStore|x86.Build.0 = Release|Any CPU
		{ED3D2DA5-A478-44E2-8270-369DBE6070DB}.Debug|Any CPU.ActiveCfg = Debug|Any CPU
		{ED3D2DA5-A478-44E2-8270-369DBE6070DB}.Debug|Any CPU.Build.0 = Debug|Any CPU
		{ED3D2DA5-A478-44E2-8270-369DBE6070DB}.Debug|ARM.ActiveCfg = Debug|Any CPU
		{ED3D2DA5-A478-44E2-8270-369DBE6070DB}.Debug|ARM.Build.0 = Debug|Any CPU
		{ED3D2DA5-A478-44E2-8270-369DBE6070DB}.Debug|iPhone.ActiveCfg = Debug|Any CPU
		{ED3D2DA5-A478-44E2-8270-369DBE6070DB}.Debug|iPhone.Build.0 = Debug|Any CPU
		{ED3D2DA5-A478-44E2-8270-369DBE6070DB}.Debug|iPhoneSimulator.ActiveCfg = Debug|Any CPU
		{ED3D2DA5-A478-44E2-8270-369DBE6070DB}.Debug|iPhoneSimulator.Build.0 = Debug|Any CPU
		{ED3D2DA5-A478-44E2-8270-369DBE6070DB}.Debug|x64.ActiveCfg = Debug|Any CPU
		{ED3D2DA5-A478-44E2-8270-369DBE6070DB}.Debug|x64.Build.0 = Debug|Any CPU
		{ED3D2DA5-A478-44E2-8270-369DBE6070DB}.Debug|x86.ActiveCfg = Debug|Any CPU
		{ED3D2DA5-A478-44E2-8270-369DBE6070DB}.Debug|x86.Build.0 = Debug|Any CPU
		{ED3D2DA5-A478-44E2-8270-369DBE6070DB}.Release|Any CPU.ActiveCfg = Release|Any CPU
		{ED3D2DA5-A478-44E2-8270-369DBE6070DB}.Release|Any CPU.Build.0 = Release|Any CPU
		{ED3D2DA5-A478-44E2-8270-369DBE6070DB}.Release|Any CPU.Deploy.0 = Release|Any CPU
		{ED3D2DA5-A478-44E2-8270-369DBE6070DB}.Release|ARM.ActiveCfg = Release|Any CPU
		{ED3D2DA5-A478-44E2-8270-369DBE6070DB}.Release|ARM.Build.0 = Release|Any CPU
		{ED3D2DA5-A478-44E2-8270-369DBE6070DB}.Release|iPhone.ActiveCfg = Release|Any CPU
		{ED3D2DA5-A478-44E2-8270-369DBE6070DB}.Release|iPhone.Build.0 = Release|Any CPU
		{ED3D2DA5-A478-44E2-8270-369DBE6070DB}.Release|iPhoneSimulator.ActiveCfg = Release|Any CPU
		{ED3D2DA5-A478-44E2-8270-369DBE6070DB}.Release|iPhoneSimulator.Build.0 = Release|Any CPU
		{ED3D2DA5-A478-44E2-8270-369DBE6070DB}.Release|x64.ActiveCfg = Release|Any CPU
		{ED3D2DA5-A478-44E2-8270-369DBE6070DB}.Release|x64.Build.0 = Release|Any CPU
		{ED3D2DA5-A478-44E2-8270-369DBE6070DB}.Release|x86.ActiveCfg = Release|Any CPU
		{ED3D2DA5-A478-44E2-8270-369DBE6070DB}.Release|x86.Build.0 = Release|Any CPU
		{720DA9C0-2227-4A7B-BD26-2184D69357F0}.Ad-Hoc|Any CPU.ActiveCfg = Release|Any CPU
		{720DA9C0-2227-4A7B-BD26-2184D69357F0}.Ad-Hoc|Any CPU.Build.0 = Release|Any CPU
		{720DA9C0-2227-4A7B-BD26-2184D69357F0}.Ad-Hoc|Any CPU.Deploy.0 = Release|Any CPU
		{720DA9C0-2227-4A7B-BD26-2184D69357F0}.Ad-Hoc|ARM.ActiveCfg = Release|Any CPU
		{720DA9C0-2227-4A7B-BD26-2184D69357F0}.Ad-Hoc|ARM.Build.0 = Release|Any CPU
		{720DA9C0-2227-4A7B-BD26-2184D69357F0}.Ad-Hoc|ARM.Deploy.0 = Release|Any CPU
		{720DA9C0-2227-4A7B-BD26-2184D69357F0}.Ad-Hoc|iPhone.ActiveCfg = Release|Any CPU
		{720DA9C0-2227-4A7B-BD26-2184D69357F0}.Ad-Hoc|iPhone.Build.0 = Release|Any CPU
		{720DA9C0-2227-4A7B-BD26-2184D69357F0}.Ad-Hoc|iPhone.Deploy.0 = Release|Any CPU
		{720DA9C0-2227-4A7B-BD26-2184D69357F0}.Ad-Hoc|iPhoneSimulator.ActiveCfg = Release|Any CPU
		{720DA9C0-2227-4A7B-BD26-2184D69357F0}.Ad-Hoc|iPhoneSimulator.Build.0 = Release|Any CPU
		{720DA9C0-2227-4A7B-BD26-2184D69357F0}.Ad-Hoc|iPhoneSimulator.Deploy.0 = Release|Any CPU
		{720DA9C0-2227-4A7B-BD26-2184D69357F0}.Ad-Hoc|x64.ActiveCfg = Release|Any CPU
		{720DA9C0-2227-4A7B-BD26-2184D69357F0}.Ad-Hoc|x64.Build.0 = Release|Any CPU
		{720DA9C0-2227-4A7B-BD26-2184D69357F0}.Ad-Hoc|x64.Deploy.0 = Release|Any CPU
		{720DA9C0-2227-4A7B-BD26-2184D69357F0}.Ad-Hoc|x86.ActiveCfg = Release|Any CPU
		{720DA9C0-2227-4A7B-BD26-2184D69357F0}.Ad-Hoc|x86.Build.0 = Release|Any CPU
		{720DA9C0-2227-4A7B-BD26-2184D69357F0}.Ad-Hoc|x86.Deploy.0 = Release|Any CPU
		{720DA9C0-2227-4A7B-BD26-2184D69357F0}.AppStore|Any CPU.ActiveCfg = Release|Any CPU
		{720DA9C0-2227-4A7B-BD26-2184D69357F0}.AppStore|Any CPU.Build.0 = Release|Any CPU
		{720DA9C0-2227-4A7B-BD26-2184D69357F0}.AppStore|Any CPU.Deploy.0 = Release|Any CPU
		{720DA9C0-2227-4A7B-BD26-2184D69357F0}.AppStore|ARM.ActiveCfg = Release|Any CPU
		{720DA9C0-2227-4A7B-BD26-2184D69357F0}.AppStore|ARM.Build.0 = Release|Any CPU
		{720DA9C0-2227-4A7B-BD26-2184D69357F0}.AppStore|ARM.Deploy.0 = Release|Any CPU
		{720DA9C0-2227-4A7B-BD26-2184D69357F0}.AppStore|iPhone.ActiveCfg = Release|Any CPU
		{720DA9C0-2227-4A7B-BD26-2184D69357F0}.AppStore|iPhone.Build.0 = Release|Any CPU
		{720DA9C0-2227-4A7B-BD26-2184D69357F0}.AppStore|iPhone.Deploy.0 = Release|Any CPU
		{720DA9C0-2227-4A7B-BD26-2184D69357F0}.AppStore|iPhoneSimulator.ActiveCfg = Release|Any CPU
		{720DA9C0-2227-4A7B-BD26-2184D69357F0}.AppStore|iPhoneSimulator.Build.0 = Release|Any CPU
		{720DA9C0-2227-4A7B-BD26-2184D69357F0}.AppStore|iPhoneSimulator.Deploy.0 = Release|Any CPU
		{720DA9C0-2227-4A7B-BD26-2184D69357F0}.AppStore|x64.ActiveCfg = Release|Any CPU
		{720DA9C0-2227-4A7B-BD26-2184D69357F0}.AppStore|x64.Build.0 = Release|Any CPU
		{720DA9C0-2227-4A7B-BD26-2184D69357F0}.AppStore|x64.Deploy.0 = Release|Any CPU
		{720DA9C0-2227-4A7B-BD26-2184D69357F0}.AppStore|x86.ActiveCfg = Release|Any CPU
		{720DA9C0-2227-4A7B-BD26-2184D69357F0}.AppStore|x86.Build.0 = Release|Any CPU
		{720DA9C0-2227-4A7B-BD26-2184D69357F0}.AppStore|x86.Deploy.0 = Release|Any CPU
		{720DA9C0-2227-4A7B-BD26-2184D69357F0}.Debug|Any CPU.ActiveCfg = Debug|Any CPU
		{720DA9C0-2227-4A7B-BD26-2184D69357F0}.Debug|Any CPU.Build.0 = Debug|Any CPU
		{720DA9C0-2227-4A7B-BD26-2184D69357F0}.Debug|Any CPU.Deploy.0 = Debug|Any CPU
		{720DA9C0-2227-4A7B-BD26-2184D69357F0}.Debug|ARM.ActiveCfg = Debug|Any CPU
		{720DA9C0-2227-4A7B-BD26-2184D69357F0}.Debug|ARM.Build.0 = Debug|Any CPU
		{720DA9C0-2227-4A7B-BD26-2184D69357F0}.Debug|ARM.Deploy.0 = Debug|Any CPU
		{720DA9C0-2227-4A7B-BD26-2184D69357F0}.Debug|iPhone.ActiveCfg = Debug|Any CPU
		{720DA9C0-2227-4A7B-BD26-2184D69357F0}.Debug|iPhone.Build.0 = Debug|Any CPU
		{720DA9C0-2227-4A7B-BD26-2184D69357F0}.Debug|iPhone.Deploy.0 = Debug|Any CPU
		{720DA9C0-2227-4A7B-BD26-2184D69357F0}.Debug|iPhoneSimulator.ActiveCfg = Debug|Any CPU
		{720DA9C0-2227-4A7B-BD26-2184D69357F0}.Debug|iPhoneSimulator.Build.0 = Debug|Any CPU
		{720DA9C0-2227-4A7B-BD26-2184D69357F0}.Debug|iPhoneSimulator.Deploy.0 = Debug|Any CPU
		{720DA9C0-2227-4A7B-BD26-2184D69357F0}.Debug|x64.ActiveCfg = Debug|Any CPU
		{720DA9C0-2227-4A7B-BD26-2184D69357F0}.Debug|x64.Build.0 = Debug|Any CPU
		{720DA9C0-2227-4A7B-BD26-2184D69357F0}.Debug|x64.Deploy.0 = Debug|Any CPU
		{720DA9C0-2227-4A7B-BD26-2184D69357F0}.Debug|x86.ActiveCfg = Debug|Any CPU
		{720DA9C0-2227-4A7B-BD26-2184D69357F0}.Debug|x86.Build.0 = Debug|Any CPU
		{720DA9C0-2227-4A7B-BD26-2184D69357F0}.Debug|x86.Deploy.0 = Debug|Any CPU
		{720DA9C0-2227-4A7B-BD26-2184D69357F0}.Release|Any CPU.ActiveCfg = Release|Any CPU
		{720DA9C0-2227-4A7B-BD26-2184D69357F0}.Release|Any CPU.Build.0 = Release|Any CPU
		{720DA9C0-2227-4A7B-BD26-2184D69357F0}.Release|Any CPU.Deploy.0 = Release|Any CPU
		{720DA9C0-2227-4A7B-BD26-2184D69357F0}.Release|ARM.ActiveCfg = Release|Any CPU
		{720DA9C0-2227-4A7B-BD26-2184D69357F0}.Release|ARM.Build.0 = Release|Any CPU
		{720DA9C0-2227-4A7B-BD26-2184D69357F0}.Release|ARM.Deploy.0 = Release|Any CPU
		{720DA9C0-2227-4A7B-BD26-2184D69357F0}.Release|iPhone.ActiveCfg = Release|Any CPU
		{720DA9C0-2227-4A7B-BD26-2184D69357F0}.Release|iPhone.Build.0 = Release|Any CPU
		{720DA9C0-2227-4A7B-BD26-2184D69357F0}.Release|iPhone.Deploy.0 = Release|Any CPU
		{720DA9C0-2227-4A7B-BD26-2184D69357F0}.Release|iPhoneSimulator.ActiveCfg = Release|Any CPU
		{720DA9C0-2227-4A7B-BD26-2184D69357F0}.Release|iPhoneSimulator.Build.0 = Release|Any CPU
		{720DA9C0-2227-4A7B-BD26-2184D69357F0}.Release|iPhoneSimulator.Deploy.0 = Release|Any CPU
		{720DA9C0-2227-4A7B-BD26-2184D69357F0}.Release|x64.ActiveCfg = Release|Any CPU
		{720DA9C0-2227-4A7B-BD26-2184D69357F0}.Release|x64.Build.0 = Release|Any CPU
		{720DA9C0-2227-4A7B-BD26-2184D69357F0}.Release|x64.Deploy.0 = Release|Any CPU
		{720DA9C0-2227-4A7B-BD26-2184D69357F0}.Release|x86.ActiveCfg = Release|Any CPU
		{720DA9C0-2227-4A7B-BD26-2184D69357F0}.Release|x86.Build.0 = Release|Any CPU
		{720DA9C0-2227-4A7B-BD26-2184D69357F0}.Release|x86.Deploy.0 = Release|Any CPU
	EndGlobalSection
	GlobalSection(SolutionProperties) = preSolution
		HideSolutionNode = FALSE
	EndGlobalSection
EndGlobal
